// !$*UTF8*$!
{
	archiveVersion = 1;
	classes = {
	};
	objectVersion = 55;
	objects = {

/* Begin PBXBuildFile section */
		04BC02852812FEC600F116E7 /* AppDelegate.swift in Sources */ = {isa = PBXBuildFile; fileRef = 04BC02842812FEC600F116E7 /* AppDelegate.swift */; };
		04BC02872812FEC600F116E7 /* SceneDelegate.swift in Sources */ = {isa = PBXBuildFile; fileRef = 04BC02862812FEC600F116E7 /* SceneDelegate.swift */; };
		04BC02892812FEC600F116E7 /* ViewController.swift in Sources */ = {isa = PBXBuildFile; fileRef = 04BC02882812FEC600F116E7 /* ViewController.swift */; };
		04BC028E2812FECA00F116E7 /* Assets.xcassets in Resources */ = {isa = PBXBuildFile; fileRef = 04BC028D2812FECA00F116E7 /* Assets.xcassets */; };
		04BC02912812FECA00F116E7 /* LaunchScreen.storyboard in Resources */ = {isa = PBXBuildFile; fileRef = 04BC028F2812FECA00F116E7 /* LaunchScreen.storyboard */; };
		04C8E5EF2826EEC600A535BF /* MoviesVC.swift in Sources */ = {isa = PBXBuildFile; fileRef = 04C8E5EE2826EEC600A535BF /* MoviesVC.swift */; };
		04C8E5F12826EF0700A535BF /* PostsVC.swift in Sources */ = {isa = PBXBuildFile; fileRef = 04C8E5F02826EF0700A535BF /* PostsVC.swift */; };
		04C8E5F42826F07D00A535BF /* Endpoint.swift in Sources */ = {isa = PBXBuildFile; fileRef = 04C8E5F32826F07D00A535BF /* Endpoint.swift */; };
		04C8E5F72826F0AE00A535BF /* RequestError.swift in Sources */ = {isa = PBXBuildFile; fileRef = 04C8E5F62826F0AE00A535BF /* RequestError.swift */; };
		04C8E5FA2826F7F500A535BF /* HTTPClient.swift in Sources */ = {isa = PBXBuildFile; fileRef = 04C8E5F92826F7F500A535BF /* HTTPClient.swift */; };
		04C8E5FF2826FBF000A535BF /* MovieService.swift in Sources */ = {isa = PBXBuildFile; fileRef = 04C8E5FE2826FBF000A535BF /* MovieService.swift */; };
		04C8E6012826FBFC00A535BF /* PostsService.swift in Sources */ = {isa = PBXBuildFile; fileRef = 04C8E6002826FBFC00A535BF /* PostsService.swift */; };
		04C8E6032826FD5E00A535BF /* MoviesEndpoint.swift in Sources */ = {isa = PBXBuildFile; fileRef = 04C8E6022826FD5E00A535BF /* MoviesEndpoint.swift */; };
		04C8E6052826FD7000A535BF /* PostsEndpoint.swift in Sources */ = {isa = PBXBuildFile; fileRef = 04C8E6042826FD7000A535BF /* PostsEndpoint.swift */; };
		04C8E6072826FE1400A535BF /* TopRated.swift in Sources */ = {isa = PBXBuildFile; fileRef = 04C8E6062826FE1400A535BF /* TopRated.swift */; };
/* End PBXBuildFile section */

/* Begin PBXFileReference section */
		04BC02812812FEC600F116E7 /* myNetwork.app */ = {isa = PBXFileReference; explicitFileType = wrapper.application; includeInIndex = 0; path = myNetwork.app; sourceTree = BUILT_PRODUCTS_DIR; };
		04BC02842812FEC600F116E7 /* AppDelegate.swift */ = {isa = PBXFileReference; lastKnownFileType = sourcecode.swift; path = AppDelegate.swift; sourceTree = "<group>"; };
		04BC02862812FEC600F116E7 /* SceneDelegate.swift */ = {isa = PBXFileReference; lastKnownFileType = sourcecode.swift; path = SceneDelegate.swift; sourceTree = "<group>"; };
		04BC02882812FEC600F116E7 /* ViewController.swift */ = {isa = PBXFileReference; lastKnownFileType = sourcecode.swift; path = ViewController.swift; sourceTree = "<group>"; };
		04BC028D2812FECA00F116E7 /* Assets.xcassets */ = {isa = PBXFileReference; lastKnownFileType = folder.assetcatalog; path = Assets.xcassets; sourceTree = "<group>"; };
		04BC02902812FECA00F116E7 /* Base */ = {isa = PBXFileReference; lastKnownFileType = file.storyboard; name = Base; path = Base.lproj/LaunchScreen.storyboard; sourceTree = "<group>"; };
		04BC02922812FECA00F116E7 /* Info.plist */ = {isa = PBXFileReference; lastKnownFileType = text.plist.xml; path = Info.plist; sourceTree = "<group>"; };
		04C8E5EE2826EEC600A535BF /* MoviesVC.swift */ = {isa = PBXFileReference; lastKnownFileType = sourcecode.swift; path = MoviesVC.swift; sourceTree = "<group>"; };
		04C8E5F02826EF0700A535BF /* PostsVC.swift */ = {isa = PBXFileReference; lastKnownFileType = sourcecode.swift; path = PostsVC.swift; sourceTree = "<group>"; };
		04C8E5F32826F07D00A535BF /* Endpoint.swift */ = {isa = PBXFileReference; lastKnownFileType = sourcecode.swift; path = Endpoint.swift; sourceTree = "<group>"; };
		04C8E5F62826F0AE00A535BF /* RequestError.swift */ = {isa = PBXFileReference; lastKnownFileType = sourcecode.swift; path = RequestError.swift; sourceTree = "<group>"; };
		04C8E5F92826F7F500A535BF /* HTTPClient.swift */ = {isa = PBXFileReference; lastKnownFileType = sourcecode.swift; path = HTTPClient.swift; sourceTree = "<group>"; };
		04C8E5FE2826FBF000A535BF /* MovieService.swift */ = {isa = PBXFileReference; lastKnownFileType = sourcecode.swift; path = MovieService.swift; sourceTree = "<group>"; };
		04C8E6002826FBFC00A535BF /* PostsService.swift */ = {isa = PBXFileReference; lastKnownFileType = sourcecode.swift; path = PostsService.swift; sourceTree = "<group>"; };
		04C8E6022826FD5E00A535BF /* MoviesEndpoint.swift */ = {isa = PBXFileReference; lastKnownFileType = sourcecode.swift; path = MoviesEndpoint.swift; sourceTree = "<group>"; };
		04C8E6042826FD7000A535BF /* PostsEndpoint.swift */ = {isa = PBXFileReference; lastKnownFileType = sourcecode.swift; path = PostsEndpoint.swift; sourceTree = "<group>"; };
		04C8E6062826FE1400A535BF /* TopRated.swift */ = {isa = PBXFileReference; lastKnownFileType = sourcecode.swift; path = TopRated.swift; sourceTree = "<group>"; };
/* End PBXFileReference section */

/* Begin PBXFrameworksBuildPhase section */
		04BC027E2812FEC600F116E7 /* Frameworks */ = {
			isa = PBXFrameworksBuildPhase;
			buildActionMask = 2147483647;
			files = (
			);
			runOnlyForDeploymentPostprocessing = 0;
		};
/* End PBXFrameworksBuildPhase section */

/* Begin PBXGroup section */
		04BC02782812FEC600F116E7 = {
			isa = PBXGroup;
			children = (
				04BC02832812FEC600F116E7 /* myNetwork */,
				04BC02822812FEC600F116E7 /* Products */,
			);
			sourceTree = "<group>";
		};
		04BC02822812FEC600F116E7 /* Products */ = {
			isa = PBXGroup;
			children = (
				04BC02812812FEC600F116E7 /* myNetwork.app */,
			);
			name = Products;
			sourceTree = "<group>";
		};
		04BC02832812FEC600F116E7 /* myNetwork */ = {
			isa = PBXGroup;
			children = (
				04BC02842812FEC600F116E7 /* AppDelegate.swift */,
				04BC02862812FEC600F116E7 /* SceneDelegate.swift */,
				04BC02882812FEC600F116E7 /* ViewController.swift */,
				04C8E5ED2826EE8F00A535BF /* Screens */,
				04C8E5F22826F03C00A535BF /* Networking Layer */,
				04BC028D2812FECA00F116E7 /* Assets.xcassets */,
				04BC028F2812FECA00F116E7 /* LaunchScreen.storyboard */,
				04BC02922812FECA00F116E7 /* Info.plist */,
			);
			path = myNetwork;
			sourceTree = "<group>";
		};
		04C8E5ED2826EE8F00A535BF /* Screens */ = {
			isa = PBXGroup;
			children = (
				04C8E5EE2826EEC600A535BF /* MoviesVC.swift */,
				04C8E5F02826EF0700A535BF /* PostsVC.swift */,
			);
			path = Screens;
			sourceTree = "<group>";
		};
		04C8E5F22826F03C00A535BF /* Networking Layer */ = {
			isa = PBXGroup;
			children = (
				04C8E5F32826F07D00A535BF /* Endpoint.swift */,
				04C8E5F62826F0AE00A535BF /* RequestError.swift */,
				04C8E5F92826F7F500A535BF /* HTTPClient.swift */,
				04C8E5FB2826F83F00A535BF /* Services */,
				04C8E5FC2826FB3000A535BF /* Endpoints */,
				04C8E5FD2826FB4000A535BF /* Models */,
			);
			path = "Networking Layer";
			sourceTree = "<group>";
		};
		04C8E5FB2826F83F00A535BF /* Services */ = {
			isa = PBXGroup;
			children = (
				04C8E5FE2826FBF000A535BF /* MovieService.swift */,
				04C8E6002826FBFC00A535BF /* PostsService.swift */,
			);
			path = Services;
			sourceTree = "<group>";
		};
		04C8E5FC2826FB3000A535BF /* Endpoints */ = {
			isa = PBXGroup;
			children = (
				04C8E6022826FD5E00A535BF /* MoviesEndpoint.swift */,
				04C8E6042826FD7000A535BF /* PostsEndpoint.swift */,
			);
			path = Endpoints;
			sourceTree = "<group>";
		};
		04C8E5FD2826FB4000A535BF /* Models */ = {
			isa = PBXGroup;
			children = (
				04C8E6062826FE1400A535BF /* TopRated.swift */,
			);
			path = Models;
			sourceTree = "<group>";
		};
/* End PBXGroup section */

/* Begin PBXNativeTarget section */
		04BC02802812FEC600F116E7 /* myNetwork */ = {
			isa = PBXNativeTarget;
			buildConfigurationList = 04BC02952812FECA00F116E7 /* Build configuration list for PBXNativeTarget "myNetwork" */;
			buildPhases = (
				04BC027D2812FEC600F116E7 /* Sources */,
				04BC027E2812FEC600F116E7 /* Frameworks */,
				04BC027F2812FEC600F116E7 /* Resources */,
			);
			buildRules = (
			);
			dependencies = (
			);
			name = myNetwork;
			productName = myNetwork;
			productReference = 04BC02812812FEC600F116E7 /* myNetwork.app */;
			productType = "com.apple.product-type.application";
		};
/* End PBXNativeTarget section */

/* Begin PBXProject section */
		04BC02792812FEC600F116E7 /* Project object */ = {
			isa = PBXProject;
			attributes = {
				BuildIndependentTargetsInParallel = 1;
				LastSwiftUpdateCheck = 1320;
				LastUpgradeCheck = 1320;
				TargetAttributes = {
					04BC02802812FEC600F116E7 = {
						CreatedOnToolsVersion = 13.2.1;
					};
				};
			};
			buildConfigurationList = 04BC027C2812FEC600F116E7 /* Build configuration list for PBXProject "myNetwork" */;
			compatibilityVersion = "Xcode 13.0";
			developmentRegion = en;
			hasScannedForEncodings = 0;
			knownRegions = (
				en,
				Base,
			);
			mainGroup = 04BC02782812FEC600F116E7;
			productRefGroup = 04BC02822812FEC600F116E7 /* Products */;
			projectDirPath = "";
			projectRoot = "";
			targets = (
				04BC02802812FEC600F116E7 /* myNetwork */,
			);
		};
/* End PBXProject section */

/* Begin PBXResourcesBuildPhase section */
		04BC027F2812FEC600F116E7 /* Resources */ = {
			isa = PBXResourcesBuildPhase;
			buildActionMask = 2147483647;
			files = (
				04BC02912812FECA00F116E7 /* LaunchScreen.storyboard in Resources */,
				04BC028E2812FECA00F116E7 /* Assets.xcassets in Resources */,
			);
			runOnlyForDeploymentPostprocessing = 0;
		};
/* End PBXResourcesBuildPhase section */

/* Begin PBXSourcesBuildPhase section */
		04BC027D2812FEC600F116E7 /* Sources */ = {
			isa = PBXSourcesBuildPhase;
			buildActionMask = 2147483647;
			files = (
				04C8E5F72826F0AE00A535BF /* RequestError.swift in Sources */,
				04C8E6032826FD5E00A535BF /* MoviesEndpoint.swift in Sources */,
				04BC02892812FEC600F116E7 /* ViewController.swift in Sources */,
				04C8E5FA2826F7F500A535BF /* HTTPClient.swift in Sources */,
				04C8E5F12826EF0700A535BF /* PostsVC.swift in Sources */,
				04C8E5EF2826EEC600A535BF /* MoviesVC.swift in Sources */,
				04C8E6012826FBFC00A535BF /* PostsService.swift in Sources */,
				04BC02852812FEC600F116E7 /* AppDelegate.swift in Sources */,
				04C8E6052826FD7000A535BF /* PostsEndpoint.swift in Sources */,
				04C8E6072826FE1400A535BF /* TopRated.swift in Sources */,
				04C8E5FF2826FBF000A535BF /* MovieService.swift in Sources */,
				04C8E5F42826F07D00A535BF /* Endpoint.swift in Sources */,
				04BC02872812FEC600F116E7 /* SceneDelegate.swift in Sources */,
			);
			runOnlyForDeploymentPostprocessing = 0;
		};
/* End PBXSourcesBuildPhase section */

/* Begin PBXVariantGroup section */
		04BC028F2812FECA00F116E7 /* LaunchScreen.storyboard */ = {
			isa = PBXVariantGroup;
			children = (
				04BC02902812FECA00F116E7 /* Base */,
			);
			name = LaunchScreen.storyboard;
			sourceTree = "<group>";
		};
/* End PBXVariantGroup section */

/* Begin XCBuildConfiguration section */
		04BC02932812FECA00F116E7 /* Debug */ = {
			isa = XCBuildConfiguration;
			buildSettings = {
				ALWAYS_SEARCH_USER_PATHS = NO;
				CLANG_ANALYZER_NONNULL = YES;
				CLANG_ANALYZER_NUMBER_OBJECT_CONVERSION = YES_AGGRESSIVE;
				CLANG_CXX_LANGUAGE_STANDARD = "gnu++17";
				CLANG_CXX_LIBRARY = "libc++";
				CLANG_ENABLE_MODULES = YES;
				CLANG_ENABLE_OBJC_ARC = YES;
				CLANG_ENABLE_OBJC_WEAK = YES;
				CLANG_WARN_BLOCK_CAPTURE_AUTORELEASING = YES;
				CLANG_WARN_BOOL_CONVERSION = YES;
				CLANG_WARN_COMMA = YES;
				CLANG_WARN_CONSTANT_CONVERSION = YES;
				CLANG_WARN_DEPRECATED_OBJC_IMPLEMENTATIONS = YES;
				CLANG_WARN_DIRECT_OBJC_ISA_USAGE = YES_ERROR;
				CLANG_WARN_DOCUMENTATION_COMMENTS = YES;
				CLANG_WARN_EMPTY_BODY = YES;
				CLANG_WARN_ENUM_CONVERSION = YES;
				CLANG_WARN_INFINITE_RECURSION = YES;
				CLANG_WARN_INT_CONVERSION = YES;
				CLANG_WARN_NON_LITERAL_NULL_CONVERSION = YES;
				CLANG_WARN_OBJC_IMPLICIT_RETAIN_SELF = YES;
				CLANG_WARN_OBJC_LITERAL_CONVERSION = YES;
				CLANG_WARN_OBJC_ROOT_CLASS = YES_ERROR;
				CLANG_WARN_QUOTED_INCLUDE_IN_FRAMEWORK_HEADER = YES;
				CLANG_WARN_RANGE_LOOP_ANALYSIS = YES;
				CLANG_WARN_STRICT_PROTOTYPES = YES;
				CLANG_WARN_SUSPICIOUS_MOVE = YES;
				CLANG_WARN_UNGUARDED_AVAILABILITY = YES_AGGRESSIVE;
				CLANG_WARN_UNREACHABLE_CODE = YES;
				CLANG_WARN__DUPLICATE_METHOD_MATCH = YES;
				COPY_PHASE_STRIP = NO;
				DEBUG_INFORMATION_FORMAT = dwarf;
				ENABLE_STRICT_OBJC_MSGSEND = YES;
				ENABLE_TESTABILITY = YES;
				GCC_C_LANGUAGE_STANDARD = gnu11;
				GCC_DYNAMIC_NO_PIC = NO;
				GCC_NO_COMMON_BLOCKS = YES;
				GCC_OPTIMIZATION_LEVEL = 0;
				GCC_PREPROCESSOR_DEFINITIONS = (
					"DEBUG=1",
					"$(inherited)",
				);
				GCC_WARN_64_TO_32_BIT_CONVERSION = YES;
				GCC_WARN_ABOUT_RETURN_TYPE = YES_ERROR;
				GCC_WARN_UNDECLARED_SELECTOR = YES;
				GCC_WARN_UNINITIALIZED_AUTOS = YES_AGGRESSIVE;
				GCC_WARN_UNUSED_FUNCTION = YES;
				GCC_WARN_UNUSED_VARIABLE = YES;
				IPHONEOS_DEPLOYMENT_TARGET = 15.2;
				MTL_ENABLE_DEBUG_INFO = INCLUDE_SOURCE;
				MTL_FAST_MATH = YES;
				ONLY_ACTIVE_ARCH = YES;
				SDKROOT = iphoneos;
				SWIFT_ACTIVE_COMPILATION_CONDITIONS = DEBUG;
				SWIFT_OPTIMIZATION_LEVEL = "-Onone";
			};
			name = Debug;
		};
		04BC02942812FECA00F116E7 /* Release */ = {
			isa = XCBuildConfiguration;
			buildSettings = {
				ALWAYS_SEARCH_USER_PATHS = NO;
				CLANG_ANALYZER_NONNULL = YES;
				CLANG_ANALYZER_NUMBER_OBJECT_CONVERSION = YES_AGGRESSIVE;
				CLANG_CXX_LANGUAGE_STANDARD = "gnu++17";
				CLANG_CXX_LIBRARY = "libc++";
				CLANG_ENABLE_MODULES = YES;
				CLANG_ENABLE_OBJC_ARC = YES;
				CLANG_ENABLE_OBJC_WEAK = YES;
				CLANG_WARN_BLOCK_CAPTURE_AUTORELEASING = YES;
				CLANG_WARN_BOOL_CONVERSION = YES;
				CLANG_WARN_COMMA = YES;
				CLANG_WARN_CONSTANT_CONVERSION = YES;
				CLANG_WARN_DEPRECATED_OBJC_IMPLEMENTATIONS = YES;
				CLANG_WARN_DIRECT_OBJC_ISA_USAGE = YES_ERROR;
				CLANG_WARN_DOCUMENTATION_COMMENTS = YES;
				CLANG_WARN_EMPTY_BODY = YES;
				CLANG_WARN_ENUM_CONVERSION = YES;
				CLANG_WARN_INFINITE_RECURSION = YES;
				CLANG_WARN_INT_CONVERSION = YES;
				CLANG_WARN_NON_LITERAL_NULL_CONVERSION = YES;
				CLANG_WARN_OBJC_IMPLICIT_RETAIN_SELF = YES;
				CLANG_WARN_OBJC_LITERAL_CONVERSION = YES;
				CLANG_WARN_OBJC_ROOT_CLASS = YES_ERROR;
				CLANG_WARN_QUOTED_INCLUDE_IN_FRAMEWORK_HEADER = YES;
				CLANG_WARN_RANGE_LOOP_ANALYSIS = YES;
				CLANG_WARN_STRICT_PROTOTYPES = YES;
				CLANG_WARN_SUSPICIOUS_MOVE = YES;
				CLANG_WARN_UNGUARDED_AVAILABILITY = YES_AGGRESSIVE;
				CLANG_WARN_UNREACHABLE_CODE = YES;
				CLANG_WARN__DUPLICATE_METHOD_MATCH = YES;
				COPY_PHASE_STRIP = NO;
				DEBUG_INFORMATION_FORMAT = "dwarf-with-dsym";
				ENABLE_NS_ASSERTIONS = NO;
				ENABLE_STRICT_OBJC_MSGSEND = YES;
				GCC_C_LANGUAGE_STANDARD = gnu11;
				GCC_NO_COMMON_BLOCKS = YES;
				GCC_WARN_64_TO_32_BIT_CONVERSION = YES;
				GCC_WARN_ABOUT_RETURN_TYPE = YES_ERROR;
				GCC_WARN_UNDECLARED_SELECTOR = YES;
				GCC_WARN_UNINITIALIZED_AUTOS = YES_AGGRESSIVE;
				GCC_WARN_UNUSED_FUNCTION = YES;
				GCC_WARN_UNUSED_VARIABLE = YES;
				IPHONEOS_DEPLOYMENT_TARGET = 15.2;
				MTL_ENABLE_DEBUG_INFO = NO;
				MTL_FAST_MATH = YES;
				SDKROOT = iphoneos;
				SWIFT_COMPILATION_MODE = wholemodule;
				SWIFT_OPTIMIZATION_LEVEL = "-O";
				VALIDATE_PRODUCT = YES;
			};
			name = Release;
		};
		04BC02962812FECA00F116E7 /* Debug */ = {
			isa = XCBuildConfiguration;
			buildSettings = {
				ASSETCATALOG_COMPILER_APPICON_NAME = AppIcon;
				ASSETCATALOG_COMPILER_GLOBAL_ACCENT_COLOR_NAME = AccentColor;
				CODE_SIGN_STYLE = Automatic;
				CURRENT_PROJECT_VERSION = 1;
				DEVELOPMENT_TEAM = 8RR9M64TNW;
				GENERATE_INFOPLIST_FILE = YES;
				INFOPLIST_FILE = myNetwork/Info.plist;
				INFOPLIST_KEY_UIApplicationSupportsIndirectInputEvents = YES;
				INFOPLIST_KEY_UILaunchStoryboardName = LaunchScreen;
				INFOPLIST_KEY_UISupportedInterfaceOrientations_iPad = "UIInterfaceOrientationPortrait UIInterfaceOrientationPortraitUpsideDown UIInterfaceOrientationLandscapeLeft UIInterfaceOrientationLandscapeRight";
				INFOPLIST_KEY_UISupportedInterfaceOrientations_iPhone = "UIInterfaceOrientationPortrait UIInterfaceOrientationLandscapeLeft UIInterfaceOrientationLandscapeRight";
				LD_RUNPATH_SEARCH_PATHS = (
					"$(inherited)",
					"@executable_path/Frameworks",
				);
				MARKETING_VERSION = 1.0;
				PRODUCT_BUNDLE_IDENTIFIER = semjon.g.myNetwork;
				PRODUCT_NAME = "$(TARGET_NAME)";
				SWIFT_EMIT_LOC_STRINGS = YES;
				SWIFT_VERSION = 5.0;
				TARGETED_DEVICE_FAMILY = "1,2";
			};
			name = Debug;
		};
		04BC02972812FECA00F116E7 /* Release */ = {
			isa = XCBuildConfiguration;
			buildSettings = {
				ASSETCATALOG_COMPILER_APPICON_NAME = AppIcon;
				ASSETCATALOG_COMPILER_GLOBAL_ACCENT_COLOR_NAME = AccentColor;
				CODE_SIGN_STYLE = Automatic;
				CURRENT_PROJECT_VERSION = 1;
				DEVELOPMENT_TEAM = 8RR9M64TNW;
				GENERATE_INFOPLIST_FILE = YES;
				INFOPLIST_FILE = myNetwork/Info.plist;
				INFOPLIST_KEY_UIApplicationSupportsIndirectInputEvents = YES;
				INFOPLIST_KEY_UILaunchStoryboardName = LaunchScreen;
				INFOPLIST_KEY_UISupportedInterfaceOrientations_iPad = "UIInterfaceOrientationPortrait UIInterfaceOrientationPortraitUpsideDown UIInterfaceOrientationLandscapeLeft UIInterfaceOrientationLandscapeRight";
				INFOPLIST_KEY_UISupportedInterfaceOrientations_iPhone = "UIInterfaceOrientationPortrait UIInterfaceOrientationLandscapeLeft UIInterfaceOrientationLandscapeRight";
				LD_RUNPATH_SEARCH_PATHS = (
					"$(inherited)",
					"@executable_path/Frameworks",
				);
				MARKETING_VERSION = 1.0;
				PRODUCT_BUNDLE_IDENTIFIER = semjon.g.myNetwork;
				PRODUCT_NAME = "$(TARGET_NAME)";
				SWIFT_EMIT_LOC_STRINGS = YES;
				SWIFT_VERSION = 5.0;
				TARGETED_DEVICE_FAMILY = "1,2";
			};
			name = Release;
		};
/* End XCBuildConfiguration section */

/* Begin XCConfigurationList section */
		04BC027C2812FEC600F116E7 /* Build configuration list for PBXProject "myNetwork" */ = {
			isa = XCConfigurationList;
			buildConfigurations = (
				04BC02932812FECA00F116E7 /* Debug */,
				04BC02942812FECA00F116E7 /* Release */,
			);
			defaultConfigurationIsVisible = 0;
			defaultConfigurationName = Release;
		};
		04BC02952812FECA00F116E7 /* Build configuration list for PBXNativeTarget "myNetwork" */ = {
			isa = XCConfigurationList;
			buildConfigurations = (
				04BC02962812FECA00F116E7 /* Debug */,
				04BC02972812FECA00F116E7 /* Release */,
			);
			defaultConfigurationIsVisible = 0;
			defaultConfigurationName = Release;
		};
/* End XCConfigurationList section */
	};
	rootObject = 04BC02792812FEC600F116E7 /* Project object */;
}
